// !$*UTF8*$!
{
	archiveVersion = 1;
	classes = {
	};
	objectVersion = 55;
	objects = {

/* Begin PBXBuildFile section */
		82D5F81C2795C5F900553982 /* Tests_iOS.swift in Sources */ = {isa = PBXBuildFile; fileRef = 82D5F81B2795C5F900553982 /* Tests_iOS.swift */; };
		82D5F81E2795C5F900553982 /* Tests_iOSLaunchTests.swift in Sources */ = {isa = PBXBuildFile; fileRef = 82D5F81D2795C5F900553982 /* Tests_iOSLaunchTests.swift */; };
		82D5F8282795C5F900553982 /* Tests_macOS.swift in Sources */ = {isa = PBXBuildFile; fileRef = 82D5F8272795C5F900553982 /* Tests_macOS.swift */; };
		82D5F82A2795C5F900553982 /* Tests_macOSLaunchTests.swift in Sources */ = {isa = PBXBuildFile; fileRef = 82D5F8292795C5F900553982 /* Tests_macOSLaunchTests.swift */; };
		82D5F82B2795C5F900553982 /* netflixApp.swift in Sources */ = {isa = PBXBuildFile; fileRef = 82D5F8032795C5F800553982 /* netflixApp.swift */; };
		82D5F82C2795C5F900553982 /* netflixApp.swift in Sources */ = {isa = PBXBuildFile; fileRef = 82D5F8032795C5F800553982 /* netflixApp.swift */; };
		82D5F82D2795C5F900553982 /* ContentView.swift in Sources */ = {isa = PBXBuildFile; fileRef = 82D5F8042795C5F800553982 /* ContentView.swift */; };
		82D5F82E2795C5F900553982 /* ContentView.swift in Sources */ = {isa = PBXBuildFile; fileRef = 82D5F8042795C5F800553982 /* ContentView.swift */; };
		82D5F82F2795C5F900553982 /* Assets.xcassets in Resources */ = {isa = PBXBuildFile; fileRef = 82D5F8052795C5F900553982 /* Assets.xcassets */; };
		82D5F8302795C5F900553982 /* Assets.xcassets in Resources */ = {isa = PBXBuildFile; fileRef = 82D5F8052795C5F900553982 /* Assets.xcassets */; };
/* End PBXBuildFile section */

/* Begin PBXContainerItemProxy section */
		82D5F8182795C5F900553982 /* PBXContainerItemProxy */ = {
			isa = PBXContainerItemProxy;
			containerPortal = 82D5F7FE2795C5F800553982 /* Project object */;
			proxyType = 1;
			remoteGlobalIDString = 82D5F8092795C5F900553982;
			remoteInfo = "netflix (iOS)";
		};
		82D5F8242795C5F900553982 /* PBXContainerItemProxy */ = {
			isa = PBXContainerItemProxy;
			containerPortal = 82D5F7FE2795C5F800553982 /* Project object */;
			proxyType = 1;
			remoteGlobalIDString = 82D5F80F2795C5F900553982;
			remoteInfo = "netflix (macOS)";
		};
/* End PBXContainerItemProxy section */

/* Begin PBXFileReference section */
		82D5F8032795C5F800553982 /* netflixApp.swift */ = {isa = PBXFileReference; lastKnownFileType = sourcecode.swift; path = netflixApp.swift; sourceTree = "<group>"; };
		82D5F8042795C5F800553982 /* ContentView.swift */ = {isa = PBXFileReference; lastKnownFileType = sourcecode.swift; path = ContentView.swift; sourceTree = "<group>"; };
		82D5F8052795C5F900553982 /* Assets.xcassets */ = {isa = PBXFileReference; lastKnownFileType = folder.assetcatalog; path = Assets.xcassets; sourceTree = "<group>"; };
		82D5F80A2795C5F900553982 /* netflix.app */ = {isa = PBXFileReference; explicitFileType = wrapper.application; includeInIndex = 0; path = netflix.app; sourceTree = BUILT_PRODUCTS_DIR; };
		82D5F8102795C5F900553982 /* netflix.app */ = {isa = PBXFileReference; explicitFileType = wrapper.application; includeInIndex = 0; path = netflix.app; sourceTree = BUILT_PRODUCTS_DIR; };
		82D5F8122795C5F900553982 /* macOS.entitlements */ = {isa = PBXFileReference; lastKnownFileType = text.plist.entitlements; path = macOS.entitlements; sourceTree = "<group>"; };
		82D5F8172795C5F900553982 /* Tests iOS.xctest */ = {isa = PBXFileReference; explicitFileType = wrapper.cfbundle; includeInIndex = 0; path = "Tests iOS.xctest"; sourceTree = BUILT_PRODUCTS_DIR; };
		82D5F81B2795C5F900553982 /* Tests_iOS.swift */ = {isa = PBXFileReference; lastKnownFileType = sourcecode.swift; path = Tests_iOS.swift; sourceTree = "<group>"; };
		82D5F81D2795C5F900553982 /* Tests_iOSLaunchTests.swift */ = {isa = PBXFileReference; lastKnownFileType = sourcecode.swift; path = Tests_iOSLaunchTests.swift; sourceTree = "<group>"; };
		82D5F8232795C5F900553982 /* Tests macOS.xctest */ = {isa = PBXFileReference; explicitFileType = wrapper.cfbundle; includeInIndex = 0; path = "Tests macOS.xctest"; sourceTree = BUILT_PRODUCTS_DIR; };
		82D5F8272795C5F900553982 /* Tests_macOS.swift */ = {isa = PBXFileReference; lastKnownFileType = sourcecode.swift; path = Tests_macOS.swift; sourceTree = "<group>"; };
		82D5F8292795C5F900553982 /* Tests_macOSLaunchTests.swift */ = {isa = PBXFileReference; lastKnownFileType = sourcecode.swift; path = Tests_macOSLaunchTests.swift; sourceTree = "<group>"; };
/* End PBXFileReference section */

/* Begin PBXFrameworksBuildPhase section */
		82D5F8072795C5F900553982 /* Frameworks */ = {
			isa = PBXFrameworksBuildPhase;
			buildActionMask = 2147483647;
			files = (
			);
			runOnlyForDeploymentPostprocessing = 0;
		};
		82D5F80D2795C5F900553982 /* Frameworks */ = {
			isa = PBXFrameworksBuildPhase;
			buildActionMask = 2147483647;
			files = (
			);
			runOnlyForDeploymentPostprocessing = 0;
		};
		82D5F8142795C5F900553982 /* Frameworks */ = {
			isa = PBXFrameworksBuildPhase;
			buildActionMask = 2147483647;
			files = (
			);
			runOnlyForDeploymentPostprocessing = 0;
		};
		82D5F8202795C5F900553982 /* Frameworks */ = {
			isa = PBXFrameworksBuildPhase;
			buildActionMask = 2147483647;
			files = (
			);
			runOnlyForDeploymentPostprocessing = 0;
		};
/* End PBXFrameworksBuildPhase section */

/* Begin PBXGroup section */
		82D5F7FD2795C5F800553982 = {
			isa = PBXGroup;
			children = (
				82D5F8022795C5F800553982 /* Shared */,
				82D5F8112795C5F900553982 /* macOS */,
				82D5F81A2795C5F900553982 /* Tests iOS */,
				82D5F8262795C5F900553982 /* Tests macOS */,
				82D5F80B2795C5F900553982 /* Products */,
			);
			sourceTree = "<group>";
		};
		82D5F8022795C5F800553982 /* Shared */ = {
			isa = PBXGroup;
			children = (
				82D5F8032795C5F800553982 /* netflixApp.swift */,
				82D5F8042795C5F800553982 /* ContentView.swift */,
				82D5F8052795C5F900553982 /* Assets.xcassets */,
			);
			path = Shared;
			sourceTree = "<group>";
		};
		82D5F80B2795C5F900553982 /* Products */ = {
			isa = PBXGroup;
			children = (
				82D5F80A2795C5F900553982 /* netflix.app */,
				82D5F8102795C5F900553982 /* netflix.app */,
				82D5F8172795C5F900553982 /* Tests iOS.xctest */,
				82D5F8232795C5F900553982 /* Tests macOS.xctest */,
			);
			name = Products;
			sourceTree = "<group>";
		};
		82D5F8112795C5F900553982 /* macOS */ = {
			isa = PBXGroup;
			children = (
				82D5F8122795C5F900553982 /* macOS.entitlements */,
			);
			path = macOS;
			sourceTree = "<group>";
		};
		82D5F81A2795C5F900553982 /* Tests iOS */ = {
			isa = PBXGroup;
			children = (
				82D5F81B2795C5F900553982 /* Tests_iOS.swift */,
				82D5F81D2795C5F900553982 /* Tests_iOSLaunchTests.swift */,
			);
			path = "Tests iOS";
			sourceTree = "<group>";
		};
		82D5F8262795C5F900553982 /* Tests macOS */ = {
			isa = PBXGroup;
			children = (
				82D5F8272795C5F900553982 /* Tests_macOS.swift */,
				82D5F8292795C5F900553982 /* Tests_macOSLaunchTests.swift */,
			);
			path = "Tests macOS";
			sourceTree = "<group>";
		};
/* End PBXGroup section */

/* Begin PBXNativeTarget section */
		82D5F8092795C5F900553982 /* netflix (iOS) */ = {
			isa = PBXNativeTarget;
			buildConfigurationList = 82D5F8332795C5F900553982 /* Build configuration list for PBXNativeTarget "netflix (iOS)" */;
			buildPhases = (
				82D5F8062795C5F900553982 /* Sources */,
				82D5F8072795C5F900553982 /* Frameworks */,
				82D5F8082795C5F900553982 /* Resources */,
			);
			buildRules = (
			);
			dependencies = (
			);
			name = "netflix (iOS)";
			productName = "netflix (iOS)";
			productReference = 82D5F80A2795C5F900553982 /* netflix.app */;
			productType = "com.apple.product-type.application";
		};
		82D5F80F2795C5F900553982 /* netflix (macOS) */ = {
			isa = PBXNativeTarget;
			buildConfigurationList = 82D5F8362795C5F900553982 /* Build configuration list for PBXNativeTarget "netflix (macOS)" */;
			buildPhases = (
				82D5F80C2795C5F900553982 /* Sources */,
				82D5F80D2795C5F900553982 /* Frameworks */,
				82D5F80E2795C5F900553982 /* Resources */,
			);
			buildRules = (
			);
			dependencies = (
			);
			name = "netflix (macOS)";
			productName = "netflix (macOS)";
			productReference = 82D5F8102795C5F900553982 /* netflix.app */;
			productType = "com.apple.product-type.application";
		};
		82D5F8162795C5F900553982 /* Tests iOS */ = {
			isa = PBXNativeTarget;
			buildConfigurationList = 82D5F8392795C5F900553982 /* Build configuration list for PBXNativeTarget "Tests iOS" */;
			buildPhases = (
				82D5F8132795C5F900553982 /* Sources */,
				82D5F8142795C5F900553982 /* Frameworks */,
				82D5F8152795C5F900553982 /* Resources */,
			);
			buildRules = (
			);
			dependencies = (
				82D5F8192795C5F900553982 /* PBXTargetDependency */,
			);
			name = "Tests iOS";
			productName = "Tests iOS";
			productReference = 82D5F8172795C5F900553982 /* Tests iOS.xctest */;
			productType = "com.apple.product-type.bundle.ui-testing";
		};
		82D5F8222795C5F900553982 /* Tests macOS */ = {
			isa = PBXNativeTarget;
			buildConfigurationList = 82D5F83C2795C5F900553982 /* Build configuration list for PBXNativeTarget "Tests macOS" */;
			buildPhases = (
				82D5F81F2795C5F900553982 /* Sources */,
				82D5F8202795C5F900553982 /* Frameworks */,
				82D5F8212795C5F900553982 /* Resources */,
			);
			buildRules = (
			);
			dependencies = (
				82D5F8252795C5F900553982 /* PBXTargetDependency */,
			);
			name = "Tests macOS";
			productName = "Tests macOS";
			productReference = 82D5F8232795C5F900553982 /* Tests macOS.xctest */;
			productType = "com.apple.product-type.bundle.ui-testing";
		};
/* End PBXNativeTarget section */

/* Begin PBXProject section */
		82D5F7FE2795C5F800553982 /* Project object */ = {
			isa = PBXProject;
			attributes = {
				BuildIndependentTargetsInParallel = 1;
				LastSwiftUpdateCheck = 1320;
				LastUpgradeCheck = 1320;
				TargetAttributes = {
					82D5F8092795C5F900553982 = {
						CreatedOnToolsVersion = 13.2.1;
					};
					82D5F80F2795C5F900553982 = {
						CreatedOnToolsVersion = 13.2.1;
					};
					82D5F8162795C5F900553982 = {
						CreatedOnToolsVersion = 13.2.1;
						TestTargetID = 82D5F8092795C5F900553982;
					};
					82D5F8222795C5F900553982 = {
						CreatedOnToolsVersion = 13.2.1;
						TestTargetID = 82D5F80F2795C5F900553982;
					};
				};
			};
			buildConfigurationList = 82D5F8012795C5F800553982 /* Build configuration list for PBXProject "netflix" */;
			compatibilityVersion = "Xcode 13.0";
			developmentRegion = en;
			hasScannedForEncodings = 0;
			knownRegions = (
				en,
				Base,
			);
			mainGroup = 82D5F7FD2795C5F800553982;
			productRefGroup = 82D5F80B2795C5F900553982 /* Products */;
			projectDirPath = "";
			projectRoot = "";
			targets = (
				82D5F8092795C5F900553982 /* netflix (iOS) */,
				82D5F80F2795C5F900553982 /* netflix (macOS) */,
				82D5F8162795C5F900553982 /* Tests iOS */,
				82D5F8222795C5F900553982 /* Tests macOS */,
			);
		};
/* End PBXProject section */

/* Begin PBXResourcesBuildPhase section */
		82D5F8082795C5F900553982 /* Resources */ = {
			isa = PBXResourcesBuildPhase;
			buildActionMask = 2147483647;
			files = (
				82D5F82F2795C5F900553982 /* Assets.xcassets in Resources */,
			);
			runOnlyForDeploymentPostprocessing = 0;
		};
		82D5F80E2795C5F900553982 /* Resources */ = {
			isa = PBXResourcesBuildPhase;
			buildActionMask = 2147483647;
			files = (
				82D5F8302795C5F900553982 /* Assets.xcassets in Resources */,
			);
			runOnlyForDeploymentPostprocessing = 0;
		};
		82D5F8152795C5F900553982 /* Resources */ = {
			isa = PBXResourcesBuildPhase;
			buildActionMask = 2147483647;
			files = (
			);
			runOnlyForDeploymentPostprocessing = 0;
		};
		82D5F8212795C5F900553982 /* Resources */ = {
			isa = PBXResourcesBuildPhase;
			buildActionMask = 2147483647;
			files = (
			);
			runOnlyForDeploymentPostprocessing = 0;
		};
/* End PBXResourcesBuildPhase section */

/* Begin PBXSourcesBuildPhase section */
		82D5F8062795C5F900553982 /* Sources */ = {
			isa = PBXSourcesBuildPhase;
			buildActionMask = 2147483647;
			files = (
				82D5F82D2795C5F900553982 /* ContentView.swift in Sources */,
				82D5F82B2795C5F900553982 /* netflixApp.swift in Sources */,
			);
			runOnlyForDeploymentPostprocessing = 0;
		};
		82D5F80C2795C5F900553982 /* Sources */ = {
			isa = PBXSourcesBuildPhase;
			buildActionMask = 2147483647;
			files = (
				82D5F82E2795C5F900553982 /* ContentView.swift in Sources */,
				82D5F82C2795C5F900553982 /* netflixApp.swift in Sources */,
			);
			runOnlyForDeploymentPostprocessing = 0;
		};
		82D5F8132795C5F900553982 /* Sources */ = {
			isa = PBXSourcesBuildPhase;
			buildActionMask = 2147483647;
			files = (
				82D5F81E2795C5F900553982 /* Tests_iOSLaunchTests.swift in Sources */,
				82D5F81C2795C5F900553982 /* Tests_iOS.swift in Sources */,
			);
			runOnlyForDeploymentPostprocessing = 0;
		};
		82D5F81F2795C5F900553982 /* Sources */ = {
			isa = PBXSourcesBuildPhase;
			buildActionMask = 2147483647;
			files = (
				82D5F82A2795C5F900553982 /* Tests_macOSLaunchTests.swift in Sources */,
				82D5F8282795C5F900553982 /* Tests_macOS.swift in Sources */,
			);
			runOnlyForDeploymentPostprocessing = 0;
		};
/* End PBXSourcesBuildPhase section */

/* Begin PBXTargetDependency section */
		82D5F8192795C5F900553982 /* PBXTargetDependency */ = {
			isa = PBXTargetDependency;
			target = 82D5F8092795C5F900553982 /* netflix (iOS) */;
			targetProxy = 82D5F8182795C5F900553982 /* PBXContainerItemProxy */;
		};
		82D5F8252795C5F900553982 /* PBXTargetDependency */ = {
			isa = PBXTargetDependency;
			target = 82D5F80F2795C5F900553982 /* netflix (macOS) */;
			targetProxy = 82D5F8242795C5F900553982 /* PBXContainerItemProxy */;
		};
/* End PBXTargetDependency section */

/* Begin XCBuildConfiguration section */
		82D5F8312795C5F900553982 /* Debug */ = {
			isa = XCBuildConfiguration;
			buildSettings = {
				ALWAYS_SEARCH_USER_PATHS = NO;
				CLANG_ANALYZER_NONNULL = YES;
				CLANG_ANALYZER_NUMBER_OBJECT_CONVERSION = YES_AGGRESSIVE;
				CLANG_CXX_LANGUAGE_STANDARD = "gnu++17";
				CLANG_CXX_LIBRARY = "libc++";
				CLANG_ENABLE_MODULES = YES;
				CLANG_ENABLE_OBJC_ARC = YES;
				CLANG_ENABLE_OBJC_WEAK = YES;
				CLANG_WARN_BLOCK_CAPTURE_AUTORELEASING = YES;
				CLANG_WARN_BOOL_CONVERSION = YES;
				CLANG_WARN_COMMA = YES;
				CLANG_WARN_CONSTANT_CONVERSION = YES;
				CLANG_WARN_DEPRECATED_OBJC_IMPLEMENTATIONS = YES;
				CLANG_WARN_DIRECT_OBJC_ISA_USAGE = YES_ERROR;
				CLANG_WARN_DOCUMENTATION_COMMENTS = YES;
				CLANG_WARN_EMPTY_BODY = YES;
				CLANG_WARN_ENUM_CONVERSION = YES;
				CLANG_WARN_INFINITE_RECURSION = YES;
				CLANG_WARN_INT_CONVERSION = YES;
				CLANG_WARN_NON_LITERAL_NULL_CONVERSION = YES;
				CLANG_WARN_OBJC_IMPLICIT_RETAIN_SELF = YES;
				CLANG_WARN_OBJC_LITERAL_CONVERSION = YES;
				CLANG_WARN_OBJC_ROOT_CLASS = YES_ERROR;
				CLANG_WARN_QUOTED_INCLUDE_IN_FRAMEWORK_HEADER = YES;
				CLANG_WARN_RANGE_LOOP_ANALYSIS = YES;
				CLANG_WARN_STRICT_PROTOTYPES = YES;
				CLANG_WARN_SUSPICIOUS_MOVE = YES;
				CLANG_WARN_UNGUARDED_AVAILABILITY = YES_AGGRESSIVE;
				CLANG_WARN_UNREACHABLE_CODE = YES;
				CLANG_WARN__DUPLICATE_METHOD_MATCH = YES;
				COPY_PHASE_STRIP = NO;
				DEBUG_INFORMATION_FORMAT = dwarf;
				ENABLE_STRICT_OBJC_MSGSEND = YES;
				ENABLE_TESTABILITY = YES;
				GCC_C_LANGUAGE_STANDARD = gnu11;
				GCC_DYNAMIC_NO_PIC = NO;
				GCC_NO_COMMON_BLOCKS = YES;
				GCC_OPTIMIZATION_LEVEL = 0;
				GCC_PREPROCESSOR_DEFINITIONS = (
					"DEBUG=1",
					"$(inherited)",
				);
				GCC_WARN_64_TO_32_BIT_CONVERSION = YES;
				GCC_WARN_ABOUT_RETURN_TYPE = YES_ERROR;
				GCC_WARN_UNDECLARED_SELECTOR = YES;
				GCC_WARN_UNINITIALIZED_AUTOS = YES_AGGRESSIVE;
				GCC_WARN_UNUSED_FUNCTION = YES;
				GCC_WARN_UNUSED_VARIABLE = YES;
				MTL_ENABLE_DEBUG_INFO = INCLUDE_SOURCE;
				MTL_FAST_MATH = YES;
				ONLY_ACTIVE_ARCH = YES;
				SWIFT_ACTIVE_COMPILATION_CONDITIONS = DEBUG;
				SWIFT_OPTIMIZATION_LEVEL = "-Onone";
			};
			name = Debug;
		};
		82D5F8322795C5F900553982 /* Release */ = {
			isa = XCBuildConfiguration;
			buildSettings = {
				ALWAYS_SEARCH_USER_PATHS = NO;
				CLANG_ANALYZER_NONNULL = YES;
				CLANG_ANALYZER_NUMBER_OBJECT_CONVERSION = YES_AGGRESSIVE;
				CLANG_CXX_LANGUAGE_STANDARD = "gnu++17";
				CLANG_CXX_LIBRARY = "libc++";
				CLANG_ENABLE_MODULES = YES;
				CLANG_ENABLE_OBJC_ARC = YES;
				CLANG_ENABLE_OBJC_WEAK = YES;
				CLANG_WARN_BLOCK_CAPTURE_AUTORELEASING = YES;
				CLANG_WARN_BOOL_CONVERSION = YES;
				CLANG_WARN_COMMA = YES;
				CLANG_WARN_CONSTANT_CONVERSION = YES;
				CLANG_WARN_DEPRECATED_OBJC_IMPLEMENTATIONS = YES;
				CLANG_WARN_DIRECT_OBJC_ISA_USAGE = YES_ERROR;
				CLANG_WARN_DOCUMENTATION_COMMENTS = YES;
				CLANG_WARN_EMPTY_BODY = YES;
				CLANG_WARN_ENUM_CONVERSION = YES;
				CLANG_WARN_INFINITE_RECURSION = YES;
				CLANG_WARN_INT_CONVERSION = YES;
				CLANG_WARN_NON_LITERAL_NULL_CONVERSION = YES;
				CLANG_WARN_OBJC_IMPLICIT_RETAIN_SELF = YES;
				CLANG_WARN_OBJC_LITERAL_CONVERSION = YES;
				CLANG_WARN_OBJC_ROOT_CLASS = YES_ERROR;
				CLANG_WARN_QUOTED_INCLUDE_IN_FRAMEWORK_HEADER = YES;
				CLANG_WARN_RANGE_LOOP_ANALYSIS = YES;
				CLANG_WARN_STRICT_PROTOTYPES = YES;
				CLANG_WARN_SUSPICIOUS_MOVE = YES;
				CLANG_WARN_UNGUARDED_AVAILABILITY = YES_AGGRESSIVE;
				CLANG_WARN_UNREACHABLE_CODE = YES;
				CLANG_WARN__DUPLICATE_METHOD_MATCH = YES;
				COPY_PHASE_STRIP = NO;
				DEBUG_INFORMATION_FORMAT = "dwarf-with-dsym";
				ENABLE_NS_ASSERTIONS = NO;
				ENABLE_STRICT_OBJC_MSGSEND = YES;
				GCC_C_LANGUAGE_STANDARD = gnu11;
				GCC_NO_COMMON_BLOCKS = YES;
				GCC_WARN_64_TO_32_BIT_CONVERSION = YES;
				GCC_WARN_ABOUT_RETURN_TYPE = YES_ERROR;
				GCC_WARN_UNDECLARED_SELECTOR = YES;
				GCC_WARN_UNINITIALIZED_AUTOS = YES_AGGRESSIVE;
				GCC_WARN_UNUSED_FUNCTION = YES;
				GCC_WARN_UNUSED_VARIABLE = YES;
				MTL_ENABLE_DEBUG_INFO = NO;
				MTL_FAST_MATH = YES;
				SWIFT_COMPILATION_MODE = wholemodule;
				SWIFT_OPTIMIZATION_LEVEL = "-O";
			};
			name = Release;
		};
		82D5F8342795C5F900553982 /* Debug */ = {
			isa = XCBuildConfiguration;
			buildSettings = {
				ASSETCATALOG_COMPILER_APPICON_NAME = AppIcon;
				ASSETCATALOG_COMPILER_GLOBAL_ACCENT_COLOR_NAME = AccentColor;
				CODE_SIGN_STYLE = Automatic;
				CURRENT_PROJECT_VERSION = 1;
				DEVELOPMENT_TEAM = KH5SPZQULW;
				ENABLE_PREVIEWS = YES;
				GENERATE_INFOPLIST_FILE = YES;
				INFOPLIST_KEY_UIApplicationSceneManifest_Generation = YES;
				INFOPLIST_KEY_UIApplicationSupportsIndirectInputEvents = YES;
				INFOPLIST_KEY_UILaunchScreen_Generation = YES;
				INFOPLIST_KEY_UISupportedInterfaceOrientations_iPad = "UIInterfaceOrientationPortrait UIInterfaceOrientationPortraitUpsideDown UIInterfaceOrientationLandscapeLeft UIInterfaceOrientationLandscapeRight";
				INFOPLIST_KEY_UISupportedInterfaceOrientations_iPhone = "UIInterfaceOrientationPortrait UIInterfaceOrientationLandscapeLeft UIInterfaceOrientationLandscapeRight";
				IPHONEOS_DEPLOYMENT_TARGET = 15.2;
				LD_RUNPATH_SEARCH_PATHS = (
					"$(inherited)",
					"@executable_path/Frameworks",
				);
				MARKETING_VERSION = 1.0;
				PRODUCT_BUNDLE_IDENTIFIER = com.serofero.netflix;
				PRODUCT_NAME = netflix;
				SDKROOT = iphoneos;
				SWIFT_EMIT_LOC_STRINGS = YES;
				SWIFT_VERSION = 5.0;
				TARGETED_DEVICE_FAMILY = "1,2";
			};
			name = Debug;
		};
		82D5F8352795C5F900553982 /* Release */ = {
			isa = XCBuildConfiguration;
			buildSettings = {
				ASSETCATALOG_COMPILER_APPICON_NAME = AppIcon;
				ASSETCATALOG_COMPILER_GLOBAL_ACCENT_COLOR_NAME = AccentColor;
				CODE_SIGN_STYLE = Automatic;
				CURRENT_PROJECT_VERSION = 1;
				DEVELOPMENT_TEAM = KH5SPZQULW;
				ENABLE_PREVIEWS = YES;
				GENERATE_INFOPLIST_FILE = YES;
				INFOPLIST_KEY_UIApplicationSceneManifest_Generation = YES;
				INFOPLIST_KEY_UIApplicationSupportsIndirectInputEvents = YES;
				INFOPLIST_KEY_UILaunchScreen_Generation = YES;
				INFOPLIST_KEY_UISupportedInterfaceOrientations_iPad = "UIInterfaceOrientationPortrait UIInterfaceOrientationPortraitUpsideDown UIInterfaceOrientationLandscapeLeft UIInterfaceOrientationLandscapeRight";
				INFOPLIST_KEY_UISupportedInterfaceOrientations_iPhone = "UIInterfaceOrientationPortrait UIInterfaceOrientationLandscapeLeft UIInterfaceOrientationLandscapeRight";
				IPHONEOS_DEPLOYMENT_TARGET = 15.2;
				LD_RUNPATH_SEARCH_PATHS = (
					"$(inherited)",
					"@executable_path/Frameworks",
				);
				MARKETING_VERSION = 1.0;
				PRODUCT_BUNDLE_IDENTIFIER = com.serofero.netflix;
				PRODUCT_NAME = netflix;
				SDKROOT = iphoneos;
				SWIFT_EMIT_LOC_STRINGS = YES;
				SWIFT_VERSION = 5.0;
				TARGETED_DEVICE_FAMILY = "1,2";
				VALIDATE_PRODUCT = YES;
			};
			name = Release;
		};
		82D5F8372795C5F900553982 /* Debug */ = {
			isa = XCBuildConfiguration;
			buildSettings = {
				ASSETCATALOG_COMPILER_APPICON_NAME = AppIcon;
				ASSETCATALOG_COMPILER_GLOBAL_ACCENT_COLOR_NAME = AccentColor;
				CODE_SIGN_ENTITLEMENTS = macOS/macOS.entitlements;
				CODE_SIGN_STYLE = Automatic;
				COMBINE_HIDPI_IMAGES = YES;
				CURRENT_PROJECT_VERSION = 1;
				DEVELOPMENT_TEAM = KH5SPZQULW;
				ENABLE_HARDENED_RUNTIME = YES;
				ENABLE_PREVIEWS = YES;
				GENERATE_INFOPLIST_FILE = YES;
				INFOPLIST_KEY_NSHumanReadableCopyright = "";
				LD_RUNPATH_SEARCH_PATHS = (
					"$(inherited)",
					"@executable_path/../Frameworks",
				);
				MACOSX_DEPLOYMENT_TARGET = 12.1;
				MARKETING_VERSION = 1.0;
				PRODUCT_BUNDLE_IDENTIFIER = com.serofero.netflix;
				PRODUCT_NAME = netflix;
				SDKROOT = macosx;
				SWIFT_EMIT_LOC_STRINGS = YES;
				SWIFT_VERSION = 5.0;
			};
			name = Debug;
		};
		82D5F8382795C5F900553982 /* Release */ = {
			isa = XCBuildConfiguration;
			buildSettings = {
				ASSETCATALOG_COMPILER_APPICON_NAME = AppIcon;
				ASSETCATALOG_COMPILER_GLOBAL_ACCENT_COLOR_NAME = AccentColor;
				CODE_SIGN_ENTITLEMENTS = macOS/macOS.entitlements;
				CODE_SIGN_STYLE = Automatic;
				COMBINE_HIDPI_IMAGES = YES;
				CURRENT_PROJECT_VERSION = 1;
				DEVELOPMENT_TEAM = KH5SPZQULW;
				ENABLE_HARDENED_RUNTIME = YES;
				ENABLE_PREVIEWS = YES;
				GENERATE_INFOPLIST_FILE = YES;
				INFOPLIST_KEY_NSHumanReadableCopyright = "";
				LD_RUNPATH_SEARCH_PATHS = (
					"$(inherited)",
					"@executable_path/../Frameworks",
				);
				MACOSX_DEPLOYMENT_TARGET = 12.1;
				MARKETING_VERSION = 1.0;
				PRODUCT_BUNDLE_IDENTIFIER = com.serofero.netflix;
				PRODUCT_NAME = netflix;
				SDKROOT = macosx;
				SWIFT_EMIT_LOC_STRINGS = YES;
				SWIFT_VERSION = 5.0;
			};
			name = Release;
		};
		82D5F83A2795C5F900553982 /* Debug */ = {
			isa = XCBuildConfiguration;
			buildSettings = {
				ALWAYS_EMBED_SWIFT_STANDARD_LIBRARIES = YES;
				CODE_SIGN_STYLE = Automatic;
				CURRENT_PROJECT_VERSION = 1;
				DEVELOPMENT_TEAM = KH5SPZQULW;
				GENERATE_INFOPLIST_FILE = YES;
				IPHONEOS_DEPLOYMENT_TARGET = 15.2;
				MARKETING_VERSION = 1.0;
				PRODUCT_BUNDLE_IDENTIFIER = "com.serofero.Tests-iOS";
				PRODUCT_NAME = "$(TARGET_NAME)";
				SDKROOT = iphoneos;
				SWIFT_EMIT_LOC_STRINGS = NO;
				SWIFT_VERSION = 5.0;
				TARGETED_DEVICE_FAMILY = "1,2";
				TEST_TARGET_NAME = "netflix (iOS)";
			};
			name = Debug;
		};
		82D5F83B2795C5F900553982 /* Release */ = {
			isa = XCBuildConfiguration;
			buildSettings = {
				ALWAYS_EMBED_SWIFT_STANDARD_LIBRARIES = YES;
				CODE_SIGN_STYLE = Automatic;
				CURRENT_PROJECT_VERSION = 1;
				DEVELOPMENT_TEAM = KH5SPZQULW;
				GENERATE_INFOPLIST_FILE = YES;
				IPHONEOS_DEPLOYMENT_TARGET = 15.2;
				MARKETING_VERSION = 1.0;
				PRODUCT_BUNDLE_IDENTIFIER = "com.serofero.Tests-iOS";
				PRODUCT_NAME = "$(TARGET_NAME)";
				SDKROOT = iphoneos;
				SWIFT_EMIT_LOC_STRINGS = NO;
				SWIFT_VERSION = 5.0;
				TARGETED_DEVICE_FAMILY = "1,2";
				TEST_TARGET_NAME = "netflix (iOS)";
				VALIDATE_PRODUCT = YES;
			};
			name = Release;
		};
		82D5F83D2795C5F900553982 /* Debug */ = {
			isa = XCBuildConfiguration;
			buildSettings = {
				ALWAYS_EMBED_SWIFT_STANDARD_LIBRARIES = YES;
				CODE_SIGN_STYLE = Automatic;
				CURRENT_PROJECT_VERSION = 1;
				DEVELOPMENT_TEAM = KH5SPZQULW;
				GENERATE_INFOPLIST_FILE = YES;
				MACOSX_DEPLOYMENT_TARGET = 12.1;
				MARKETING_VERSION = 1.0;
				PRODUCT_BUNDLE_IDENTIFIER = "com.serofero.Tests-macOS";
				PRODUCT_NAME = "$(TARGET_NAME)";
				SDKROOT = macosx;
				SWIFT_EMIT_LOC_STRINGS = NO;
				SWIFT_VERSION = 5.0;
				TEST_TARGET_NAME = "netflix (macOS)";
			};
			name = Debug;
		};
		82D5F83E2795C5F900553982 /* Release */ = {
			isa = XCBuildConfiguration;
			buildSettings = {
				ALWAYS_EMBED_SWIFT_STANDARD_LIBRARIES = YES;
				CODE_SIGN_STYLE = Automatic;
				CURRENT_PROJECT_VERSION = 1;
				DEVELOPMENT_TEAM = KH5SPZQULW;
				GENERATE_INFOPLIST_FILE = YES;
				MACOSX_DEPLOYMENT_TARGET = 12.1;
				MARKETING_VERSION = 1.0;
				PRODUCT_BUNDLE_IDENTIFIER = "com.serofero.Tests-macOS";
				PRODUCT_NAME = "$(TARGET_NAME)";
				SDKROOT = macosx;
				SWIFT_EMIT_LOC_STRINGS = NO;
				SWIFT_VERSION = 5.0;
				TEST_TARGET_NAME = "netflix (macOS)";
			};
			name = Release;
		};
/* End XCBuildConfiguration section */

/* Begin XCConfigurationList section */
		82D5F8012795C5F800553982 /* Build configuration list for PBXProject "netflix" */ = {
			isa = XCConfigurationList;
			buildConfigurations = (
				82D5F8312795C5F900553982 /* Debug */,
				82D5F8322795C5F900553982 /* Release */,
			);
			defaultConfigurationIsVisible = 0;
			defaultConfigurationName = Release;
		};
		82D5F8332795C5F900553982 /* Build configuration list for PBXNativeTarget "netflix (iOS)" */ = {
			isa = XCConfigurationList;
			buildConfigurations = (
				82D5F8342795C5F900553982 /* Debug */,
				82D5F8352795C5F900553982 /* Release */,
			);
			defaultConfigurationIsVisible = 0;
			defaultConfigurationName = Release;
		};
		82D5F8362795C5F900553982 /* Build configuration list for PBXNativeTarget "netflix (macOS)" */ = {
			isa = XCConfigurationList;
			buildConfigurations = (
				82D5F8372795C5F900553982 /* Debug */,
				82D5F8382795C5F900553982 /* Release */,
			);
			defaultConfigurationIsVisible = 0;
			defaultConfigurationName = Release;
		};
		82D5F8392795C5F900553982 /* Build configuration list for PBXNativeTarget "Tests iOS" */ = {
			isa = XCConfigurationList;
			buildConfigurations = (
				82D5F83A2795C5F900553982 /* Debug */,
				82D5F83B2795C5F900553982 /* Release */,
			);
			defaultConfigurationIsVisible = 0;
			defaultConfigurationName = Release;
		};
		82D5F83C2795C5F900553982 /* Build configuration list for PBXNativeTarget "Tests macOS" */ = {
			isa = XCConfigurationList;
			buildConfigurations = (
				82D5F83D2795C5F900553982 /* Debug */,
				82D5F83E2795C5F900553982 /* Release */,
			);
			defaultConfigurationIsVisible = 0;
			defaultConfigurationName = Release;
		};
/* End XCConfigurationList section */
	};
	rootObject = 82D5F7FE2795C5F800553982 /* Project object */;
}
