// !$*UTF8*$!
{
	archiveVersion = 1;
	classes = {
	};
	objectVersion = 55;
	objects = {

/* Begin PBXBuildFile section */
		8210DD6F2795FAF5006C57C5 /* Episode.swift in Sources */ = {isa = PBXBuildFile; fileRef = 8210DD6E2795FAF5006C57C5 /* Episode.swift */; };
		8210DD702795FAF5006C57C5 /* Episode.swift in Sources */ = {isa = PBXBuildFile; fileRef = 8210DD6E2795FAF5006C57C5 /* Episode.swift */; };
		82D5F85E2795C83100553982 /* Tests_iOS.swift in Sources */ = {isa = PBXBuildFile; fileRef = 82D5F85D2795C83100553982 /* Tests_iOS.swift */; };
		82D5F8602795C83100553982 /* Tests_iOSLaunchTests.swift in Sources */ = {isa = PBXBuildFile; fileRef = 82D5F85F2795C83100553982 /* Tests_iOSLaunchTests.swift */; };
		82D5F86A2795C83100553982 /* Tests_macOS.swift in Sources */ = {isa = PBXBuildFile; fileRef = 82D5F8692795C83100553982 /* Tests_macOS.swift */; };
		82D5F86C2795C83100553982 /* Tests_macOSLaunchTests.swift in Sources */ = {isa = PBXBuildFile; fileRef = 82D5F86B2795C83100553982 /* Tests_macOSLaunchTests.swift */; };
		82D5F86D2795C83100553982 /* NetflixApp.swift in Sources */ = {isa = PBXBuildFile; fileRef = 82D5F8452795C82F00553982 /* NetflixApp.swift */; };
		82D5F86E2795C83100553982 /* NetflixApp.swift in Sources */ = {isa = PBXBuildFile; fileRef = 82D5F8452795C82F00553982 /* NetflixApp.swift */; };
		82D5F86F2795C83100553982 /* ContentView.swift in Sources */ = {isa = PBXBuildFile; fileRef = 82D5F8462795C82F00553982 /* ContentView.swift */; };
		82D5F8702795C83100553982 /* ContentView.swift in Sources */ = {isa = PBXBuildFile; fileRef = 82D5F8462795C82F00553982 /* ContentView.swift */; };
		82D5F8712795C83100553982 /* Assets.xcassets in Resources */ = {isa = PBXBuildFile; fileRef = 82D5F8472795C83100553982 /* Assets.xcassets */; };
		82D5F8722795C83100553982 /* Assets.xcassets in Resources */ = {isa = PBXBuildFile; fileRef = 82D5F8472795C83100553982 /* Assets.xcassets */; };
		82D5F8822795C84500553982 /* HomeView.swift in Sources */ = {isa = PBXBuildFile; fileRef = 82D5F8812795C84500553982 /* HomeView.swift */; };
		82D5F8832795C84500553982 /* HomeView.swift in Sources */ = {isa = PBXBuildFile; fileRef = 82D5F8812795C84500553982 /* HomeView.swift */; };
		82D5F8862795C9D600553982 /* Kingfisher in Frameworks */ = {isa = PBXBuildFile; productRef = 82D5F8852795C9D600553982 /* Kingfisher */; };
		82D5F8892795CA2500553982 /* Movie.swift in Sources */ = {isa = PBXBuildFile; fileRef = 82D5F8882795CA2500553982 /* Movie.swift */; };
		82D5F88A2795CA2500553982 /* Movie.swift in Sources */ = {isa = PBXBuildFile; fileRef = 82D5F8882795CA2500553982 /* Movie.swift */; };
		82D5F8912795CAFF00553982 /* GlobalHelpers.swift in Sources */ = {isa = PBXBuildFile; fileRef = 82D5F8902795CAFF00553982 /* GlobalHelpers.swift */; };
		82D5F8922795CAFF00553982 /* GlobalHelpers.swift in Sources */ = {isa = PBXBuildFile; fileRef = 82D5F8902795CAFF00553982 /* GlobalHelpers.swift */; };
		82D5F8942795CBA300553982 /* StandardHomeMovie.swift in Sources */ = {isa = PBXBuildFile; fileRef = 82D5F8932795CBA300553982 /* StandardHomeMovie.swift */; };
		82D5F8952795CBA300553982 /* StandardHomeMovie.swift in Sources */ = {isa = PBXBuildFile; fileRef = 82D5F8932795CBA300553982 /* StandardHomeMovie.swift */; };
		82D5F8982795CD4000553982 /* HomeVM.swift in Sources */ = {isa = PBXBuildFile; fileRef = 82D5F8972795CD4000553982 /* HomeVM.swift */; };
		82D5F8992795CD4000553982 /* HomeVM.swift in Sources */ = {isa = PBXBuildFile; fileRef = 82D5F8972795CD4000553982 /* HomeVM.swift */; };
		82D5F89B2795D7BA00553982 /* TopMoviePreview.swift in Sources */ = {isa = PBXBuildFile; fileRef = 82D5F89A2795D7BA00553982 /* TopMoviePreview.swift */; };
		82D5F89C2795D7BA00553982 /* TopMoviePreview.swift in Sources */ = {isa = PBXBuildFile; fileRef = 82D5F89A2795D7BA00553982 /* TopMoviePreview.swift */; };
		82D5F89E2795DD1800553982 /* SmallVerticalButton.swift in Sources */ = {isa = PBXBuildFile; fileRef = 82D5F89D2795DD1800553982 /* SmallVerticalButton.swift */; };
		82D5F89F2795DD1800553982 /* SmallVerticalButton.swift in Sources */ = {isa = PBXBuildFile; fileRef = 82D5F89D2795DD1800553982 /* SmallVerticalButton.swift */; };
		82D5F8A12795E23F00553982 /* HorizontalButton.swift in Sources */ = {isa = PBXBuildFile; fileRef = 82D5F8A02795E23F00553982 /* HorizontalButton.swift */; };
		82D5F8A22795E23F00553982 /* HorizontalButton.swift in Sources */ = {isa = PBXBuildFile; fileRef = 82D5F8A02795E23F00553982 /* HorizontalButton.swift */; };
		82D5F8A42795EEBC00553982 /* TopRowButtons.swift in Sources */ = {isa = PBXBuildFile; fileRef = 82D5F8A32795EEBC00553982 /* TopRowButtons.swift */; };
		82D5F8A52795EEBC00553982 /* TopRowButtons.swift in Sources */ = {isa = PBXBuildFile; fileRef = 82D5F8A32795EEBC00553982 /* TopRowButtons.swift */; };
		82D5F8A72795F39600553982 /* MovieDetailView.swift in Sources */ = {isa = PBXBuildFile; fileRef = 82D5F8A62795F39600553982 /* MovieDetailView.swift */; };
		82D5F8A82795F39600553982 /* MovieDetailView.swift in Sources */ = {isa = PBXBuildFile; fileRef = 82D5F8A62795F39600553982 /* MovieDetailView.swift */; };
/* End PBXBuildFile section */

/* Begin PBXContainerItemProxy section */
		82D5F85A2795C83100553982 /* PBXContainerItemProxy */ = {
			isa = PBXContainerItemProxy;
			containerPortal = 82D5F8402795C82F00553982 /* Project object */;
			proxyType = 1;
			remoteGlobalIDString = 82D5F84B2795C83100553982;
			remoteInfo = "Netflix (iOS)";
		};
		82D5F8662795C83100553982 /* PBXContainerItemProxy */ = {
			isa = PBXContainerItemProxy;
			containerPortal = 82D5F8402795C82F00553982 /* Project object */;
			proxyType = 1;
			remoteGlobalIDString = 82D5F8512795C83100553982;
			remoteInfo = "Netflix (macOS)";
		};
/* End PBXContainerItemProxy section */

/* Begin PBXFileReference section */
		8210DD6E2795FAF5006C57C5 /* Episode.swift */ = {isa = PBXFileReference; lastKnownFileType = sourcecode.swift; path = Episode.swift; sourceTree = "<group>"; };
		82D5F8452795C82F00553982 /* NetflixApp.swift */ = {isa = PBXFileReference; lastKnownFileType = sourcecode.swift; path = NetflixApp.swift; sourceTree = "<group>"; };
		82D5F8462795C82F00553982 /* ContentView.swift */ = {isa = PBXFileReference; lastKnownFileType = sourcecode.swift; path = ContentView.swift; sourceTree = "<group>"; };
		82D5F8472795C83100553982 /* Assets.xcassets */ = {isa = PBXFileReference; lastKnownFileType = folder.assetcatalog; path = Assets.xcassets; sourceTree = "<group>"; };
		82D5F84C2795C83100553982 /* Netflix.app */ = {isa = PBXFileReference; explicitFileType = wrapper.application; includeInIndex = 0; path = Netflix.app; sourceTree = BUILT_PRODUCTS_DIR; };
		82D5F8522795C83100553982 /* Netflix.app */ = {isa = PBXFileReference; explicitFileType = wrapper.application; includeInIndex = 0; path = Netflix.app; sourceTree = BUILT_PRODUCTS_DIR; };
		82D5F8542795C83100553982 /* macOS.entitlements */ = {isa = PBXFileReference; lastKnownFileType = text.plist.entitlements; path = macOS.entitlements; sourceTree = "<group>"; };
		82D5F8592795C83100553982 /* Tests iOS.xctest */ = {isa = PBXFileReference; explicitFileType = wrapper.cfbundle; includeInIndex = 0; path = "Tests iOS.xctest"; sourceTree = BUILT_PRODUCTS_DIR; };
		82D5F85D2795C83100553982 /* Tests_iOS.swift */ = {isa = PBXFileReference; lastKnownFileType = sourcecode.swift; path = Tests_iOS.swift; sourceTree = "<group>"; };
		82D5F85F2795C83100553982 /* Tests_iOSLaunchTests.swift */ = {isa = PBXFileReference; lastKnownFileType = sourcecode.swift; path = Tests_iOSLaunchTests.swift; sourceTree = "<group>"; };
		82D5F8652795C83100553982 /* Tests macOS.xctest */ = {isa = PBXFileReference; explicitFileType = wrapper.cfbundle; includeInIndex = 0; path = "Tests macOS.xctest"; sourceTree = BUILT_PRODUCTS_DIR; };
		82D5F8692795C83100553982 /* Tests_macOS.swift */ = {isa = PBXFileReference; lastKnownFileType = sourcecode.swift; path = Tests_macOS.swift; sourceTree = "<group>"; };
		82D5F86B2795C83100553982 /* Tests_macOSLaunchTests.swift */ = {isa = PBXFileReference; lastKnownFileType = sourcecode.swift; path = Tests_macOSLaunchTests.swift; sourceTree = "<group>"; };
		82D5F8812795C84500553982 /* HomeView.swift */ = {isa = PBXFileReference; lastKnownFileType = sourcecode.swift; path = HomeView.swift; sourceTree = "<group>"; };
		82D5F8882795CA2500553982 /* Movie.swift */ = {isa = PBXFileReference; lastKnownFileType = sourcecode.swift; path = Movie.swift; sourceTree = "<group>"; };
		82D5F8902795CAFF00553982 /* GlobalHelpers.swift */ = {isa = PBXFileReference; lastKnownFileType = sourcecode.swift; path = GlobalHelpers.swift; sourceTree = "<group>"; };
		82D5F8932795CBA300553982 /* StandardHomeMovie.swift */ = {isa = PBXFileReference; lastKnownFileType = sourcecode.swift; path = StandardHomeMovie.swift; sourceTree = "<group>"; };
		82D5F8972795CD4000553982 /* HomeVM.swift */ = {isa = PBXFileReference; lastKnownFileType = sourcecode.swift; path = HomeVM.swift; sourceTree = "<group>"; };
		82D5F89A2795D7BA00553982 /* TopMoviePreview.swift */ = {isa = PBXFileReference; lastKnownFileType = sourcecode.swift; path = TopMoviePreview.swift; sourceTree = "<group>"; };
		82D5F89D2795DD1800553982 /* SmallVerticalButton.swift */ = {isa = PBXFileReference; lastKnownFileType = sourcecode.swift; path = SmallVerticalButton.swift; sourceTree = "<group>"; };
		82D5F8A02795E23F00553982 /* HorizontalButton.swift */ = {isa = PBXFileReference; lastKnownFileType = sourcecode.swift; path = HorizontalButton.swift; sourceTree = "<group>"; };
		82D5F8A32795EEBC00553982 /* TopRowButtons.swift */ = {isa = PBXFileReference; lastKnownFileType = sourcecode.swift; path = TopRowButtons.swift; sourceTree = "<group>"; };
		82D5F8A62795F39600553982 /* MovieDetailView.swift */ = {isa = PBXFileReference; lastKnownFileType = sourcecode.swift; path = MovieDetailView.swift; sourceTree = "<group>"; };
/* End PBXFileReference section */

/* Begin PBXFrameworksBuildPhase section */
		82D5F8492795C83100553982 /* Frameworks */ = {
			isa = PBXFrameworksBuildPhase;
			buildActionMask = 2147483647;
			files = (
				82D5F8862795C9D600553982 /* Kingfisher in Frameworks */,
			);
			runOnlyForDeploymentPostprocessing = 0;
		};
		82D5F84F2795C83100553982 /* Frameworks */ = {
			isa = PBXFrameworksBuildPhase;
			buildActionMask = 2147483647;
			files = (
			);
			runOnlyForDeploymentPostprocessing = 0;
		};
		82D5F8562795C83100553982 /* Frameworks */ = {
			isa = PBXFrameworksBuildPhase;
			buildActionMask = 2147483647;
			files = (
			);
			runOnlyForDeploymentPostprocessing = 0;
		};
		82D5F8622795C83100553982 /* Frameworks */ = {
			isa = PBXFrameworksBuildPhase;
			buildActionMask = 2147483647;
			files = (
			);
			runOnlyForDeploymentPostprocessing = 0;
		};
/* End PBXFrameworksBuildPhase section */

/* Begin PBXGroup section */
		82D5F83F2795C82F00553982 = {
			isa = PBXGroup;
			children = (
				82D5F8442795C82F00553982 /* Shared */,
				82D5F8532795C83100553982 /* macOS */,
				82D5F85C2795C83100553982 /* Tests iOS */,
				82D5F8682795C83100553982 /* Tests macOS */,
				82D5F84D2795C83100553982 /* Products */,
			);
			sourceTree = "<group>";
		};
		82D5F8442795C82F00553982 /* Shared */ = {
			isa = PBXGroup;
			children = (
				82D5F8452795C82F00553982 /* NetflixApp.swift */,
				82D5F8462795C82F00553982 /* ContentView.swift */,
				82D5F8812795C84500553982 /* HomeView.swift */,
				82D5F8A62795F39600553982 /* MovieDetailView.swift */,
				82D5F8962795CD2E00553982 /* ViewModel */,
				82D5F88F2795CAEB00553982 /* Helpers */,
				82D5F88B2795CA7700553982 /* View */,
				82D5F8872795CA1500553982 /* Model */,
				82D5F8472795C83100553982 /* Assets.xcassets */,
			);
			path = Shared;
			sourceTree = "<group>";
		};
		82D5F84D2795C83100553982 /* Products */ = {
			isa = PBXGroup;
			children = (
				82D5F84C2795C83100553982 /* Netflix.app */,
				82D5F8522795C83100553982 /* Netflix.app */,
				82D5F8592795C83100553982 /* Tests iOS.xctest */,
				82D5F8652795C83100553982 /* Tests macOS.xctest */,
			);
			name = Products;
			sourceTree = "<group>";
		};
		82D5F8532795C83100553982 /* macOS */ = {
			isa = PBXGroup;
			children = (
				82D5F8542795C83100553982 /* macOS.entitlements */,
			);
			path = macOS;
			sourceTree = "<group>";
		};
		82D5F85C2795C83100553982 /* Tests iOS */ = {
			isa = PBXGroup;
			children = (
				82D5F85D2795C83100553982 /* Tests_iOS.swift */,
				82D5F85F2795C83100553982 /* Tests_iOSLaunchTests.swift */,
			);
			path = "Tests iOS";
			sourceTree = "<group>";
		};
		82D5F8682795C83100553982 /* Tests macOS */ = {
			isa = PBXGroup;
			children = (
				82D5F8692795C83100553982 /* Tests_macOS.swift */,
				82D5F86B2795C83100553982 /* Tests_macOSLaunchTests.swift */,
			);
			path = "Tests macOS";
			sourceTree = "<group>";
		};
		82D5F8872795CA1500553982 /* Model */ = {
			isa = PBXGroup;
			children = (
				82D5F8882795CA2500553982 /* Movie.swift */,
				8210DD6E2795FAF5006C57C5 /* Episode.swift */,
			);
			path = Model;
			sourceTree = "<group>";
		};
		82D5F88B2795CA7700553982 /* View */ = {
			isa = PBXGroup;
			children = (
				82D5F89A2795D7BA00553982 /* TopMoviePreview.swift */,
				82D5F8A32795EEBC00553982 /* TopRowButtons.swift */,
				82D5F8932795CBA300553982 /* StandardHomeMovie.swift */,
				82D5F89D2795DD1800553982 /* SmallVerticalButton.swift */,
				82D5F8A02795E23F00553982 /* HorizontalButton.swift */,
			);
			path = View;
			sourceTree = "<group>";
		};
		82D5F88F2795CAEB00553982 /* Helpers */ = {
			isa = PBXGroup;
			children = (
				82D5F8902795CAFF00553982 /* GlobalHelpers.swift */,
			);
			path = Helpers;
			sourceTree = "<group>";
		};
		82D5F8962795CD2E00553982 /* ViewModel */ = {
			isa = PBXGroup;
			children = (
				82D5F8972795CD4000553982 /* HomeVM.swift */,
			);
			path = ViewModel;
			sourceTree = "<group>";
		};
/* End PBXGroup section */

/* Begin PBXNativeTarget section */
		82D5F84B2795C83100553982 /* Netflix (iOS) */ = {
			isa = PBXNativeTarget;
			buildConfigurationList = 82D5F8752795C83100553982 /* Build configuration list for PBXNativeTarget "Netflix (iOS)" */;
			buildPhases = (
				82D5F8482795C83100553982 /* Sources */,
				82D5F8492795C83100553982 /* Frameworks */,
				82D5F84A2795C83100553982 /* Resources */,
			);
			buildRules = (
			);
			dependencies = (
			);
			name = "Netflix (iOS)";
			packageProductDependencies = (
				82D5F8852795C9D600553982 /* Kingfisher */,
			);
			productName = "Netflix (iOS)";
			productReference = 82D5F84C2795C83100553982 /* Netflix.app */;
			productType = "com.apple.product-type.application";
		};
		82D5F8512795C83100553982 /* Netflix (macOS) */ = {
			isa = PBXNativeTarget;
			buildConfigurationList = 82D5F8782795C83100553982 /* Build configuration list for PBXNativeTarget "Netflix (macOS)" */;
			buildPhases = (
				82D5F84E2795C83100553982 /* Sources */,
				82D5F84F2795C83100553982 /* Frameworks */,
				82D5F8502795C83100553982 /* Resources */,
			);
			buildRules = (
			);
			dependencies = (
			);
			name = "Netflix (macOS)";
			productName = "Netflix (macOS)";
			productReference = 82D5F8522795C83100553982 /* Netflix.app */;
			productType = "com.apple.product-type.application";
		};
		82D5F8582795C83100553982 /* Tests iOS */ = {
			isa = PBXNativeTarget;
			buildConfigurationList = 82D5F87B2795C83100553982 /* Build configuration list for PBXNativeTarget "Tests iOS" */;
			buildPhases = (
				82D5F8552795C83100553982 /* Sources */,
				82D5F8562795C83100553982 /* Frameworks */,
				82D5F8572795C83100553982 /* Resources */,
			);
			buildRules = (
			);
			dependencies = (
				82D5F85B2795C83100553982 /* PBXTargetDependency */,
			);
			name = "Tests iOS";
			productName = "Tests iOS";
			productReference = 82D5F8592795C83100553982 /* Tests iOS.xctest */;
			productType = "com.apple.product-type.bundle.ui-testing";
		};
		82D5F8642795C83100553982 /* Tests macOS */ = {
			isa = PBXNativeTarget;
			buildConfigurationList = 82D5F87E2795C83100553982 /* Build configuration list for PBXNativeTarget "Tests macOS" */;
			buildPhases = (
				82D5F8612795C83100553982 /* Sources */,
				82D5F8622795C83100553982 /* Frameworks */,
				82D5F8632795C83100553982 /* Resources */,
			);
			buildRules = (
			);
			dependencies = (
				82D5F8672795C83100553982 /* PBXTargetDependency */,
			);
			name = "Tests macOS";
			productName = "Tests macOS";
			productReference = 82D5F8652795C83100553982 /* Tests macOS.xctest */;
			productType = "com.apple.product-type.bundle.ui-testing";
		};
/* End PBXNativeTarget section */

/* Begin PBXProject section */
		82D5F8402795C82F00553982 /* Project object */ = {
			isa = PBXProject;
			attributes = {
				BuildIndependentTargetsInParallel = 1;
				LastSwiftUpdateCheck = 1320;
				LastUpgradeCheck = 1320;
				TargetAttributes = {
					82D5F84B2795C83100553982 = {
						CreatedOnToolsVersion = 13.2.1;
					};
					82D5F8512795C83100553982 = {
						CreatedOnToolsVersion = 13.2.1;
					};
					82D5F8582795C83100553982 = {
						CreatedOnToolsVersion = 13.2.1;
						TestTargetID = 82D5F84B2795C83100553982;
					};
					82D5F8642795C83100553982 = {
						CreatedOnToolsVersion = 13.2.1;
						TestTargetID = 82D5F8512795C83100553982;
					};
				};
			};
			buildConfigurationList = 82D5F8432795C82F00553982 /* Build configuration list for PBXProject "Netflix" */;
			compatibilityVersion = "Xcode 13.0";
			developmentRegion = en;
			hasScannedForEncodings = 0;
			knownRegions = (
				en,
				Base,
			);
			mainGroup = 82D5F83F2795C82F00553982;
			packageReferences = (
				82D5F8842795C9D600553982 /* XCRemoteSwiftPackageReference "Kingfisher" */,
			);
			productRefGroup = 82D5F84D2795C83100553982 /* Products */;
			projectDirPath = "";
			projectRoot = "";
			targets = (
				82D5F84B2795C83100553982 /* Netflix (iOS) */,
				82D5F8512795C83100553982 /* Netflix (macOS) */,
				82D5F8582795C83100553982 /* Tests iOS */,
				82D5F8642795C83100553982 /* Tests macOS */,
			);
		};
/* End PBXProject section */

/* Begin PBXResourcesBuildPhase section */
		82D5F84A2795C83100553982 /* Resources */ = {
			isa = PBXResourcesBuildPhase;
			buildActionMask = 2147483647;
			files = (
				82D5F8712795C83100553982 /* Assets.xcassets in Resources */,
			);
			runOnlyForDeploymentPostprocessing = 0;
		};
		82D5F8502795C83100553982 /* Resources */ = {
			isa = PBXResourcesBuildPhase;
			buildActionMask = 2147483647;
			files = (
				82D5F8722795C83100553982 /* Assets.xcassets in Resources */,
			);
			runOnlyForDeploymentPostprocessing = 0;
		};
		82D5F8572795C83100553982 /* Resources */ = {
			isa = PBXResourcesBuildPhase;
			buildActionMask = 2147483647;
			files = (
			);
			runOnlyForDeploymentPostprocessing = 0;
		};
		82D5F8632795C83100553982 /* Resources */ = {
			isa = PBXResourcesBuildPhase;
			buildActionMask = 2147483647;
			files = (
			);
			runOnlyForDeploymentPostprocessing = 0;
		};
/* End PBXResourcesBuildPhase section */

/* Begin PBXSourcesBuildPhase section */
		82D5F8482795C83100553982 /* Sources */ = {
			isa = PBXSourcesBuildPhase;
			buildActionMask = 2147483647;
			files = (
				82D5F8912795CAFF00553982 /* GlobalHelpers.swift in Sources */,
				82D5F8A12795E23F00553982 /* HorizontalButton.swift in Sources */,
				82D5F8A42795EEBC00553982 /* TopRowButtons.swift in Sources */,
				82D5F8822795C84500553982 /* HomeView.swift in Sources */,
				82D5F8982795CD4000553982 /* HomeVM.swift in Sources */,
				82D5F86F2795C83100553982 /* ContentView.swift in Sources */,
				82D5F8A72795F39600553982 /* MovieDetailView.swift in Sources */,
				8210DD6F2795FAF5006C57C5 /* Episode.swift in Sources */,
				82D5F8892795CA2500553982 /* Movie.swift in Sources */,
				82D5F89B2795D7BA00553982 /* TopMoviePreview.swift in Sources */,
				82D5F8942795CBA300553982 /* StandardHomeMovie.swift in Sources */,
				82D5F86D2795C83100553982 /* NetflixApp.swift in Sources */,
				82D5F89E2795DD1800553982 /* SmallVerticalButton.swift in Sources */,
			);
			runOnlyForDeploymentPostprocessing = 0;
		};
		82D5F84E2795C83100553982 /* Sources */ = {
			isa = PBXSourcesBuildPhase;
			buildActionMask = 2147483647;
			files = (
				82D5F8922795CAFF00553982 /* GlobalHelpers.swift in Sources */,
				82D5F8A22795E23F00553982 /* HorizontalButton.swift in Sources */,
				82D5F8A52795EEBC00553982 /* TopRowButtons.swift in Sources */,
				82D5F8832795C84500553982 /* HomeView.swift in Sources */,
				82D5F8992795CD4000553982 /* HomeVM.swift in Sources */,
				82D5F8702795C83100553982 /* ContentView.swift in Sources */,
				82D5F8A82795F39600553982 /* MovieDetailView.swift in Sources */,
				8210DD702795FAF5006C57C5 /* Episode.swift in Sources */,
				82D5F88A2795CA2500553982 /* Movie.swift in Sources */,
				82D5F89C2795D7BA00553982 /* TopMoviePreview.swift in Sources */,
				82D5F8952795CBA300553982 /* StandardHomeMovie.swift in Sources */,
				82D5F86E2795C83100553982 /* NetflixApp.swift in Sources */,
				82D5F89F2795DD1800553982 /* SmallVerticalButton.swift in Sources */,
			);
			runOnlyForDeploymentPostprocessing = 0;
		};
		82D5F8552795C83100553982 /* Sources */ = {
			isa = PBXSourcesBuildPhase;
			buildActionMask = 2147483647;
			files = (
				82D5F8602795C83100553982 /* Tests_iOSLaunchTests.swift in Sources */,
				82D5F85E2795C83100553982 /* Tests_iOS.swift in Sources */,
			);
			runOnlyForDeploymentPostprocessing = 0;
		};
		82D5F8612795C83100553982 /* Sources */ = {
			isa = PBXSourcesBuildPhase;
			buildActionMask = 2147483647;
			files = (
				82D5F86C2795C83100553982 /* Tests_macOSLaunchTests.swift in Sources */,
				82D5F86A2795C83100553982 /* Tests_macOS.swift in Sources */,
			);
			runOnlyForDeploymentPostprocessing = 0;
		};
/* End PBXSourcesBuildPhase section */

/* Begin PBXTargetDependency section */
		82D5F85B2795C83100553982 /* PBXTargetDependency */ = {
			isa = PBXTargetDependency;
			target = 82D5F84B2795C83100553982 /* Netflix (iOS) */;
			targetProxy = 82D5F85A2795C83100553982 /* PBXContainerItemProxy */;
		};
		82D5F8672795C83100553982 /* PBXTargetDependency */ = {
			isa = PBXTargetDependency;
			target = 82D5F8512795C83100553982 /* Netflix (macOS) */;
			targetProxy = 82D5F8662795C83100553982 /* PBXContainerItemProxy */;
		};
/* End PBXTargetDependency section */

/* Begin XCBuildConfiguration section */
		82D5F8732795C83100553982 /* Debug */ = {
			isa = XCBuildConfiguration;
			buildSettings = {
				ALWAYS_SEARCH_USER_PATHS = NO;
				CLANG_ANALYZER_NONNULL = YES;
				CLANG_ANALYZER_NUMBER_OBJECT_CONVERSION = YES_AGGRESSIVE;
				CLANG_CXX_LANGUAGE_STANDARD = "gnu++17";
				CLANG_CXX_LIBRARY = "libc++";
				CLANG_ENABLE_MODULES = YES;
				CLANG_ENABLE_OBJC_ARC = YES;
				CLANG_ENABLE_OBJC_WEAK = YES;
				CLANG_WARN_BLOCK_CAPTURE_AUTORELEASING = YES;
				CLANG_WARN_BOOL_CONVERSION = YES;
				CLANG_WARN_COMMA = YES;
				CLANG_WARN_CONSTANT_CONVERSION = YES;
				CLANG_WARN_DEPRECATED_OBJC_IMPLEMENTATIONS = YES;
				CLANG_WARN_DIRECT_OBJC_ISA_USAGE = YES_ERROR;
				CLANG_WARN_DOCUMENTATION_COMMENTS = YES;
				CLANG_WARN_EMPTY_BODY = YES;
				CLANG_WARN_ENUM_CONVERSION = YES;
				CLANG_WARN_INFINITE_RECURSION = YES;
				CLANG_WARN_INT_CONVERSION = YES;
				CLANG_WARN_NON_LITERAL_NULL_CONVERSION = YES;
				CLANG_WARN_OBJC_IMPLICIT_RETAIN_SELF = YES;
				CLANG_WARN_OBJC_LITERAL_CONVERSION = YES;
				CLANG_WARN_OBJC_ROOT_CLASS = YES_ERROR;
				CLANG_WARN_QUOTED_INCLUDE_IN_FRAMEWORK_HEADER = YES;
				CLANG_WARN_RANGE_LOOP_ANALYSIS = YES;
				CLANG_WARN_STRICT_PROTOTYPES = YES;
				CLANG_WARN_SUSPICIOUS_MOVE = YES;
				CLANG_WARN_UNGUARDED_AVAILABILITY = YES_AGGRESSIVE;
				CLANG_WARN_UNREACHABLE_CODE = YES;
				CLANG_WARN__DUPLICATE_METHOD_MATCH = YES;
				COPY_PHASE_STRIP = NO;
				DEBUG_INFORMATION_FORMAT = dwarf;
				ENABLE_STRICT_OBJC_MSGSEND = YES;
				ENABLE_TESTABILITY = YES;
				GCC_C_LANGUAGE_STANDARD = gnu11;
				GCC_DYNAMIC_NO_PIC = NO;
				GCC_NO_COMMON_BLOCKS = YES;
				GCC_OPTIMIZATION_LEVEL = 0;
				GCC_PREPROCESSOR_DEFINITIONS = (
					"DEBUG=1",
					"$(inherited)",
				);
				GCC_WARN_64_TO_32_BIT_CONVERSION = YES;
				GCC_WARN_ABOUT_RETURN_TYPE = YES_ERROR;
				GCC_WARN_UNDECLARED_SELECTOR = YES;
				GCC_WARN_UNINITIALIZED_AUTOS = YES_AGGRESSIVE;
				GCC_WARN_UNUSED_FUNCTION = YES;
				GCC_WARN_UNUSED_VARIABLE = YES;
				MTL_ENABLE_DEBUG_INFO = INCLUDE_SOURCE;
				MTL_FAST_MATH = YES;
				ONLY_ACTIVE_ARCH = YES;
				SWIFT_ACTIVE_COMPILATION_CONDITIONS = DEBUG;
				SWIFT_OPTIMIZATION_LEVEL = "-Onone";
			};
			name = Debug;
		};
		82D5F8742795C83100553982 /* Release */ = {
			isa = XCBuildConfiguration;
			buildSettings = {
				ALWAYS_SEARCH_USER_PATHS = NO;
				CLANG_ANALYZER_NONNULL = YES;
				CLANG_ANALYZER_NUMBER_OBJECT_CONVERSION = YES_AGGRESSIVE;
				CLANG_CXX_LANGUAGE_STANDARD = "gnu++17";
				CLANG_CXX_LIBRARY = "libc++";
				CLANG_ENABLE_MODULES = YES;
				CLANG_ENABLE_OBJC_ARC = YES;
				CLANG_ENABLE_OBJC_WEAK = YES;
				CLANG_WARN_BLOCK_CAPTURE_AUTORELEASING = YES;
				CLANG_WARN_BOOL_CONVERSION = YES;
				CLANG_WARN_COMMA = YES;
				CLANG_WARN_CONSTANT_CONVERSION = YES;
				CLANG_WARN_DEPRECATED_OBJC_IMPLEMENTATIONS = YES;
				CLANG_WARN_DIRECT_OBJC_ISA_USAGE = YES_ERROR;
				CLANG_WARN_DOCUMENTATION_COMMENTS = YES;
				CLANG_WARN_EMPTY_BODY = YES;
				CLANG_WARN_ENUM_CONVERSION = YES;
				CLANG_WARN_INFINITE_RECURSION = YES;
				CLANG_WARN_INT_CONVERSION = YES;
				CLANG_WARN_NON_LITERAL_NULL_CONVERSION = YES;
				CLANG_WARN_OBJC_IMPLICIT_RETAIN_SELF = YES;
				CLANG_WARN_OBJC_LITERAL_CONVERSION = YES;
				CLANG_WARN_OBJC_ROOT_CLASS = YES_ERROR;
				CLANG_WARN_QUOTED_INCLUDE_IN_FRAMEWORK_HEADER = YES;
				CLANG_WARN_RANGE_LOOP_ANALYSIS = YES;
				CLANG_WARN_STRICT_PROTOTYPES = YES;
				CLANG_WARN_SUSPICIOUS_MOVE = YES;
				CLANG_WARN_UNGUARDED_AVAILABILITY = YES_AGGRESSIVE;
				CLANG_WARN_UNREACHABLE_CODE = YES;
				CLANG_WARN__DUPLICATE_METHOD_MATCH = YES;
				COPY_PHASE_STRIP = NO;
				DEBUG_INFORMATION_FORMAT = "dwarf-with-dsym";
				ENABLE_NS_ASSERTIONS = NO;
				ENABLE_STRICT_OBJC_MSGSEND = YES;
				GCC_C_LANGUAGE_STANDARD = gnu11;
				GCC_NO_COMMON_BLOCKS = YES;
				GCC_WARN_64_TO_32_BIT_CONVERSION = YES;
				GCC_WARN_ABOUT_RETURN_TYPE = YES_ERROR;
				GCC_WARN_UNDECLARED_SELECTOR = YES;
				GCC_WARN_UNINITIALIZED_AUTOS = YES_AGGRESSIVE;
				GCC_WARN_UNUSED_FUNCTION = YES;
				GCC_WARN_UNUSED_VARIABLE = YES;
				MTL_ENABLE_DEBUG_INFO = NO;
				MTL_FAST_MATH = YES;
				SWIFT_COMPILATION_MODE = wholemodule;
				SWIFT_OPTIMIZATION_LEVEL = "-O";
			};
			name = Release;
		};
		82D5F8762795C83100553982 /* Debug */ = {
			isa = XCBuildConfiguration;
			buildSettings = {
				ASSETCATALOG_COMPILER_APPICON_NAME = AppIcon;
				ASSETCATALOG_COMPILER_GLOBAL_ACCENT_COLOR_NAME = AccentColor;
				CODE_SIGN_STYLE = Automatic;
				CURRENT_PROJECT_VERSION = 1;
				DEVELOPMENT_TEAM = KH5SPZQULW;
				ENABLE_PREVIEWS = YES;
				GENERATE_INFOPLIST_FILE = YES;
				INFOPLIST_KEY_UIApplicationSceneManifest_Generation = YES;
				INFOPLIST_KEY_UIApplicationSupportsIndirectInputEvents = YES;
				INFOPLIST_KEY_UILaunchScreen_Generation = YES;
				INFOPLIST_KEY_UISupportedInterfaceOrientations_iPad = "UIInterfaceOrientationPortrait UIInterfaceOrientationPortraitUpsideDown UIInterfaceOrientationLandscapeLeft UIInterfaceOrientationLandscapeRight";
				INFOPLIST_KEY_UISupportedInterfaceOrientations_iPhone = "UIInterfaceOrientationPortrait UIInterfaceOrientationLandscapeLeft UIInterfaceOrientationLandscapeRight";
				IPHONEOS_DEPLOYMENT_TARGET = 15.2;
				LD_RUNPATH_SEARCH_PATHS = (
					"$(inherited)",
					"@executable_path/Frameworks",
				);
				MARKETING_VERSION = 1.0;
				PRODUCT_BUNDLE_IDENTIFIER = com.serofero.Netflix;
				PRODUCT_NAME = Netflix;
				SDKROOT = iphoneos;
				SWIFT_EMIT_LOC_STRINGS = YES;
				SWIFT_VERSION = 5.0;
				TARGETED_DEVICE_FAMILY = "1,2";
			};
			name = Debug;
		};
		82D5F8772795C83100553982 /* Release */ = {
			isa = XCBuildConfiguration;
			buildSettings = {
				ASSETCATALOG_COMPILER_APPICON_NAME = AppIcon;
				ASSETCATALOG_COMPILER_GLOBAL_ACCENT_COLOR_NAME = AccentColor;
				CODE_SIGN_STYLE = Automatic;
				CURRENT_PROJECT_VERSION = 1;
				DEVELOPMENT_TEAM = KH5SPZQULW;
				ENABLE_PREVIEWS = YES;
				GENERATE_INFOPLIST_FILE = YES;
				INFOPLIST_KEY_UIApplicationSceneManifest_Generation = YES;
				INFOPLIST_KEY_UIApplicationSupportsIndirectInputEvents = YES;
				INFOPLIST_KEY_UILaunchScreen_Generation = YES;
				INFOPLIST_KEY_UISupportedInterfaceOrientations_iPad = "UIInterfaceOrientationPortrait UIInterfaceOrientationPortraitUpsideDown UIInterfaceOrientationLandscapeLeft UIInterfaceOrientationLandscapeRight";
				INFOPLIST_KEY_UISupportedInterfaceOrientations_iPhone = "UIInterfaceOrientationPortrait UIInterfaceOrientationLandscapeLeft UIInterfaceOrientationLandscapeRight";
				IPHONEOS_DEPLOYMENT_TARGET = 15.2;
				LD_RUNPATH_SEARCH_PATHS = (
					"$(inherited)",
					"@executable_path/Frameworks",
				);
				MARKETING_VERSION = 1.0;
				PRODUCT_BUNDLE_IDENTIFIER = com.serofero.Netflix;
				PRODUCT_NAME = Netflix;
				SDKROOT = iphoneos;
				SWIFT_EMIT_LOC_STRINGS = YES;
				SWIFT_VERSION = 5.0;
				TARGETED_DEVICE_FAMILY = "1,2";
				VALIDATE_PRODUCT = YES;
			};
			name = Release;
		};
		82D5F8792795C83100553982 /* Debug */ = {
			isa = XCBuildConfiguration;
			buildSettings = {
				ASSETCATALOG_COMPILER_APPICON_NAME = AppIcon;
				ASSETCATALOG_COMPILER_GLOBAL_ACCENT_COLOR_NAME = AccentColor;
				CODE_SIGN_ENTITLEMENTS = macOS/macOS.entitlements;
				CODE_SIGN_STYLE = Automatic;
				COMBINE_HIDPI_IMAGES = YES;
				CURRENT_PROJECT_VERSION = 1;
				DEVELOPMENT_TEAM = KH5SPZQULW;
				ENABLE_HARDENED_RUNTIME = YES;
				ENABLE_PREVIEWS = YES;
				GENERATE_INFOPLIST_FILE = YES;
				INFOPLIST_KEY_NSHumanReadableCopyright = "";
				LD_RUNPATH_SEARCH_PATHS = (
					"$(inherited)",
					"@executable_path/../Frameworks",
				);
				MACOSX_DEPLOYMENT_TARGET = 12.1;
				MARKETING_VERSION = 1.0;
				PRODUCT_BUNDLE_IDENTIFIER = com.serofero.Netflix;
				PRODUCT_NAME = Netflix;
				SDKROOT = macosx;
				SWIFT_EMIT_LOC_STRINGS = YES;
				SWIFT_VERSION = 5.0;
			};
			name = Debug;
		};
		82D5F87A2795C83100553982 /* Release */ = {
			isa = XCBuildConfiguration;
			buildSettings = {
				ASSETCATALOG_COMPILER_APPICON_NAME = AppIcon;
				ASSETCATALOG_COMPILER_GLOBAL_ACCENT_COLOR_NAME = AccentColor;
				CODE_SIGN_ENTITLEMENTS = macOS/macOS.entitlements;
				CODE_SIGN_STYLE = Automatic;
				COMBINE_HIDPI_IMAGES = YES;
				CURRENT_PROJECT_VERSION = 1;
				DEVELOPMENT_TEAM = KH5SPZQULW;
				ENABLE_HARDENED_RUNTIME = YES;
				ENABLE_PREVIEWS = YES;
				GENERATE_INFOPLIST_FILE = YES;
				INFOPLIST_KEY_NSHumanReadableCopyright = "";
				LD_RUNPATH_SEARCH_PATHS = (
					"$(inherited)",
					"@executable_path/../Frameworks",
				);
				MACOSX_DEPLOYMENT_TARGET = 12.1;
				MARKETING_VERSION = 1.0;
				PRODUCT_BUNDLE_IDENTIFIER = com.serofero.Netflix;
				PRODUCT_NAME = Netflix;
				SDKROOT = macosx;
				SWIFT_EMIT_LOC_STRINGS = YES;
				SWIFT_VERSION = 5.0;
			};
			name = Release;
		};
		82D5F87C2795C83100553982 /* Debug */ = {
			isa = XCBuildConfiguration;
			buildSettings = {
				ALWAYS_EMBED_SWIFT_STANDARD_LIBRARIES = YES;
				CODE_SIGN_STYLE = Automatic;
				CURRENT_PROJECT_VERSION = 1;
				DEVELOPMENT_TEAM = KH5SPZQULW;
				GENERATE_INFOPLIST_FILE = YES;
				IPHONEOS_DEPLOYMENT_TARGET = 15.2;
				MARKETING_VERSION = 1.0;
				PRODUCT_BUNDLE_IDENTIFIER = "com.serofero.Tests-iOS";
				PRODUCT_NAME = "$(TARGET_NAME)";
				SDKROOT = iphoneos;
				SWIFT_EMIT_LOC_STRINGS = NO;
				SWIFT_VERSION = 5.0;
				TARGETED_DEVICE_FAMILY = "1,2";
				TEST_TARGET_NAME = "Netflix (iOS)";
			};
			name = Debug;
		};
		82D5F87D2795C83100553982 /* Release */ = {
			isa = XCBuildConfiguration;
			buildSettings = {
				ALWAYS_EMBED_SWIFT_STANDARD_LIBRARIES = YES;
				CODE_SIGN_STYLE = Automatic;
				CURRENT_PROJECT_VERSION = 1;
				DEVELOPMENT_TEAM = KH5SPZQULW;
				GENERATE_INFOPLIST_FILE = YES;
				IPHONEOS_DEPLOYMENT_TARGET = 15.2;
				MARKETING_VERSION = 1.0;
				PRODUCT_BUNDLE_IDENTIFIER = "com.serofero.Tests-iOS";
				PRODUCT_NAME = "$(TARGET_NAME)";
				SDKROOT = iphoneos;
				SWIFT_EMIT_LOC_STRINGS = NO;
				SWIFT_VERSION = 5.0;
				TARGETED_DEVICE_FAMILY = "1,2";
				TEST_TARGET_NAME = "Netflix (iOS)";
				VALIDATE_PRODUCT = YES;
			};
			name = Release;
		};
		82D5F87F2795C83100553982 /* Debug */ = {
			isa = XCBuildConfiguration;
			buildSettings = {
				ALWAYS_EMBED_SWIFT_STANDARD_LIBRARIES = YES;
				CODE_SIGN_STYLE = Automatic;
				CURRENT_PROJECT_VERSION = 1;
				DEVELOPMENT_TEAM = KH5SPZQULW;
				GENERATE_INFOPLIST_FILE = YES;
				MACOSX_DEPLOYMENT_TARGET = 12.1;
				MARKETING_VERSION = 1.0;
				PRODUCT_BUNDLE_IDENTIFIER = "com.serofero.Tests-macOS";
				PRODUCT_NAME = "$(TARGET_NAME)";
				SDKROOT = macosx;
				SWIFT_EMIT_LOC_STRINGS = NO;
				SWIFT_VERSION = 5.0;
				TEST_TARGET_NAME = "Netflix (macOS)";
			};
			name = Debug;
		};
		82D5F8802795C83100553982 /* Release */ = {
			isa = XCBuildConfiguration;
			buildSettings = {
				ALWAYS_EMBED_SWIFT_STANDARD_LIBRARIES = YES;
				CODE_SIGN_STYLE = Automatic;
				CURRENT_PROJECT_VERSION = 1;
				DEVELOPMENT_TEAM = KH5SPZQULW;
				GENERATE_INFOPLIST_FILE = YES;
				MACOSX_DEPLOYMENT_TARGET = 12.1;
				MARKETING_VERSION = 1.0;
				PRODUCT_BUNDLE_IDENTIFIER = "com.serofero.Tests-macOS";
				PRODUCT_NAME = "$(TARGET_NAME)";
				SDKROOT = macosx;
				SWIFT_EMIT_LOC_STRINGS = NO;
				SWIFT_VERSION = 5.0;
				TEST_TARGET_NAME = "Netflix (macOS)";
			};
			name = Release;
		};
/* End XCBuildConfiguration section */

/* Begin XCConfigurationList section */
		82D5F8432795C82F00553982 /* Build configuration list for PBXProject "Netflix" */ = {
			isa = XCConfigurationList;
			buildConfigurations = (
				82D5F8732795C83100553982 /* Debug */,
				82D5F8742795C83100553982 /* Release */,
			);
			defaultConfigurationIsVisible = 0;
			defaultConfigurationName = Release;
		};
		82D5F8752795C83100553982 /* Build configuration list for PBXNativeTarget "Netflix (iOS)" */ = {
			isa = XCConfigurationList;
			buildConfigurations = (
				82D5F8762795C83100553982 /* Debug */,
				82D5F8772795C83100553982 /* Release */,
			);
			defaultConfigurationIsVisible = 0;
			defaultConfigurationName = Release;
		};
		82D5F8782795C83100553982 /* Build configuration list for PBXNativeTarget "Netflix (macOS)" */ = {
			isa = XCConfigurationList;
			buildConfigurations = (
				82D5F8792795C83100553982 /* Debug */,
				82D5F87A2795C83100553982 /* Release */,
			);
			defaultConfigurationIsVisible = 0;
			defaultConfigurationName = Release;
		};
		82D5F87B2795C83100553982 /* Build configuration list for PBXNativeTarget "Tests iOS" */ = {
			isa = XCConfigurationList;
			buildConfigurations = (
				82D5F87C2795C83100553982 /* Debug */,
				82D5F87D2795C83100553982 /* Release */,
			);
			defaultConfigurationIsVisible = 0;
			defaultConfigurationName = Release;
		};
		82D5F87E2795C83100553982 /* Build configuration list for PBXNativeTarget "Tests macOS" */ = {
			isa = XCConfigurationList;
			buildConfigurations = (
				82D5F87F2795C83100553982 /* Debug */,
				82D5F8802795C83100553982 /* Release */,
			);
			defaultConfigurationIsVisible = 0;
			defaultConfigurationName = Release;
		};
/* End XCConfigurationList section */

/* Begin XCRemoteSwiftPackageReference section */
		82D5F8842795C9D600553982 /* XCRemoteSwiftPackageReference "Kingfisher" */ = {
			isa = XCRemoteSwiftPackageReference;
			repositoryURL = "https://github.com/onevcat/Kingfisher.git";
			requirement = {
				kind = upToNextMajorVersion;
				minimumVersion = 7.0.0;
			};
		};
/* End XCRemoteSwiftPackageReference section */

/* Begin XCSwiftPackageProductDependency section */
		82D5F8852795C9D600553982 /* Kingfisher */ = {
			isa = XCSwiftPackageProductDependency;
			package = 82D5F8842795C9D600553982 /* XCRemoteSwiftPackageReference "Kingfisher" */;
			productName = Kingfisher;
		};
/* End XCSwiftPackageProductDependency section */
	};
	rootObject = 82D5F8402795C82F00553982 /* Project object */;
}
